
Microsoft Visual Studio Solution File, Format Version 11.00
# Visual Studio 2010
Project("{8BC9CEB8-8B4A-11D0-8D11-00A0C91BC942}") = "libssh2", "libssh2.vcxproj", "{8B861BE7-6AF0-A1DF-C6BE-8C2BF116EEFF}"
EndProject
Project("{8BC9CEB8-8B4A-11D0-8D11-00A0C91BC942}") = "tests", "tests.vcxproj", "{06634D45-B29F-44A0-8816-DA4545F21CDB}"
EndProject
Global
	GlobalSection(SolutionConfigurationPlatforms) = preSolution
		Debug|Win32 = Debug|Win32
		Debug|x64 = Debug|x64
		DLLDebug|Win32 = DLLDebug|Win32
		DLLDebug|x64 = DLLDebug|x64
		DLLRelease|Win32 = DLLRelease|Win32
		DLLRelease|x64 = DLLRelease|x64
		LIBDebug|Win32 = LIBDebug|Win32
		LIBDebug|x64 = LIBDebug|x64
		LIBRelease|Win32 = LIBRelease|Win32
		LIBRelease|x64 = LIBRelease|x64
		Release|Win32 = Release|Win32
		Release|x64 = Release|x64
		Template|Win32 = Template|Win32
		Template|x64 = Template|x64
	EndGlobalSection
	GlobalSection(ProjectConfigurationPlatforms) = postSolution
		{8B861BE7-6AF0-A1DF-C6BE-8C2BF116EEFF}.Debug|Win32.ActiveCfg = LIBDebug|Win32
		{8B861BE7-6AF0-A1DF-C6BE-8C2BF116EEFF}.Debug|Win32.Build.0 = LIBDebug|Win32
		{8B861BE7-6AF0-A1DF-C6BE-8C2BF116EEFF}.Debug|x64.ActiveCfg = LIBDebug|x64
		{8B861BE7-6AF0-A1DF-C6BE-8C2BF116EEFF}.Debug|x64.Build.0 = LIBDebug|x64
		{8B861BE7-6AF0-A1DF-C6BE-8C2BF116EEFF}.DLLDebug|Win32.ActiveCfg = DLLDebug|Win32
		{8B861BE7-6AF0-A1DF-C6BE-8C2BF116EEFF}.DLLDebug|Win32.Build.0 = DLLDebug|Win32
		{8B861BE7-6AF0-A1DF-C6BE-8C2BF116EEFF}.DLLDebug|x64.ActiveCfg = DLLDebug|x64
		{8B861BE7-6AF0-A1DF-C6BE-8C2BF116EEFF}.DLLDebug|x64.Build.0 = DLLDebug|x64
		{8B861BE7-6AF0-A1DF-C6BE-8C2BF116EEFF}.DLLRelease|Win32.ActiveCfg = DLLRelease|Win32
		{8B861BE7-6AF0-A1DF-C6BE-8C2BF116EEFF}.DLLRelease|Win32.Build.0 = DLLRelease|Win32
		{8B861BE7-6AF0-A1DF-C6BE-8C2BF116EEFF}.DLLRelease|x64.ActiveCfg = DLLRelease|x64
		{8B861BE7-6AF0-A1DF-C6BE-8C2BF116EEFF}.DLLRelease|x64.Build.0 = DLLRelease|x64
		{8B861BE7-6AF0-A1DF-C6BE-8C2BF116EEFF}.LIBDebug|Win32.ActiveCfg = LIBDebug|Win32
		{8B861BE7-6AF0-A1DF-C6BE-8C2BF116EEFF}.LIBDebug|Win32.Build.0 = LIBDebug|Win32
		{8B861BE7-6AF0-A1DF-C6BE-8C2BF116EEFF}.LIBDebug|x64.ActiveCfg = LIBDebug|x64
		{8B861BE7-6AF0-A1DF-C6BE-8C2BF116EEFF}.LIBDebug|x64.Build.0 = LIBDebug|x64
		{8B861BE7-6AF0-A1DF-C6BE-8C2BF116EEFF}.LIBRelease|Win32.ActiveCfg = LIBRelease|Win32
		{8B861BE7-6AF0-A1DF-C6BE-8C2BF116EEFF}.LIBRelease|Win32.Build.0 = LIBRelease|Win32
		{8B861BE7-6AF0-A1DF-C6BE-8C2BF116EEFF}.LIBRelease|x64.ActiveCfg = LIBRelease|x64
		{8B861BE7-6AF0-A1DF-C6BE-8C2BF116EEFF}.LIBRelease|x64.Build.0 = LIBRelease|x64
		{8B861BE7-6AF0-A1DF-C6BE-8C2BF116EEFF}.Release|Win32.ActiveCfg = LIBRelease|Win32
		{8B861BE7-6AF0-A1DF-C6BE-8C2BF116EEFF}.Release|Win32.Build.0 = LIBRelease|Win32
		{8B861BE7-6AF0-A1DF-C6BE-8C2BF116EEFF}.Release|x64.ActiveCfg = LIBRelease|x64
		{8B861BE7-6AF0-A1DF-C6BE-8C2BF116EEFF}.Release|x64.Build.0 = LIBRelease|x64
		{8B861BE7-6AF0-A1DF-C6BE-8C2BF116EEFF}.Template|Win32.ActiveCfg = LIBRelease|x64
		{8B861BE7-6AF0-A1DF-C6BE-8C2BF116EEFF}.Template|x64.ActiveCfg = LIBRelease|x64
		{8B861BE7-6AF0-A1DF-C6BE-8C2BF116EEFF}.Template|x64.Build.0 = LIBRelease|x64
		{06634D45-B29F-44A0-8816-DA4545F21CDB}.Debug|Win32.ActiveCfg = Debug|Win32
		{06634D45-B29F-44A0-8816-DA4545F21CDB}.Debug|Win32.Build.0 = Debug|Win32
		{06634D45-B29F-44A0-8816-DA4545F21CDB}.Debug|x64.ActiveCfg = Debug|x64
		{06634D45-B29F-44A0-8816-DA4545F21CDB}.Debug|x64.Build.0 = Debug|x64
		{06634D45-B29F-44A0-8816-DA4545F21CDB}.DLLDebug|Win32.ActiveCfg = Debug|Win32
		{06634D45-B29F-44A0-8816-DA4545F21CDB}.DLLDebug|Win32.Build.0 = Debug|Win32
		{06634D45-B29F-44A0-8816-DA4545F21CDB}.DLLDebug|x64.ActiveCfg = Debug|x64
		{06634D45-B29F-44A0-8816-DA4545F21CDB}.DLLDebug|x64.Build.0 = Debug|x64
		{06634D45-B29F-44A0-8816-DA4545F21CDB}.DLLRelease|Win32.ActiveCfg = Release|Win32
		{06634D45-B29F-44A0-8816-DA4545F21CDB}.DLLRelease|Win32.Build.0 = Release|Win32
		{06634D45-B29F-44A0-8816-DA4545F21CDB}.DLLRelease|x64.ActiveCfg = Release|x64
		{06634D45-B29F-44A0-8816-DA4545F21CDB}.DLLRelease|x64.Build.0 = Release|x64
		{06634D45-B29F-44A0-8816-DA4545F21CDB}.LIBDebug|Win32.ActiveCfg = Debug|Win32
		{06634D45-B29F-44A0-8816-DA4545F21CDB}.LIBDebug|Win32.Build.0 = Debug|Win32
		{06634D45-B29F-44A0-8816-DA4545F21CDB}.LIBDebug|x64.ActiveCfg = Debug|x64
		{06634D45-B29F-44A0-8816-DA4545F21CDB}.LIBDebug|x64.Build.0 = Debug|x64
		{06634D45-B29F-44A0-8816-DA4545F21CDB}.LIBRelease|Win32.ActiveCfg = Release|Win32
		{06634D45-B29F-44A0-8816-DA4545F21CDB}.LIBRelease|Win32.Build.0 = Release|Win32
		{06634D45-B29F-44A0-8816-DA4545F21CDB}.LIBRelease|x64.ActiveCfg = Release|x64
		{06634D45-B29F-44A0-8816-DA4545F21CDB}.LIBRelease|x64.Build.0 = Release|x64
		{06634D45-B29F-44A0-8816-DA4545F21CDB}.Release|Win32.ActiveCfg = Release|Win32
		{06634D45-B29F-44A0-8816-DA4545F21CDB}.Release|Win32.Build.0 = Release|Win32
		{06634D45-B29F-44A0-8816-DA4545F21CDB}.Release|x64.ActiveCfg = Release|x64
		{06634D45-B29F-44A0-8816-DA4545F21CDB}.Release|x64.Build.0 = Release|x64
		{06634D45-B29F-44A0-8816-DA4545F21CDB}.Template|Win32.ActiveCfg = Template|Win32
		{06634D45-B29F-44A0-8816-DA4545F21CDB}.Template|Win32.Build.0 = Template|Win32
		{06634D45-B29F-44A0-8816-DA4545F21CDB}.Template|x64.ActiveCfg = Template|x64
		{06634D45-B29F-44A0-8816-DA4545F21CDB}.Template|x64.Build.0 = Template|x64
	EndGlobalSection
	GlobalSection(SolutionProperties) = preSolution
		HideSolutionNode = FALSE
	EndGlobalSection
EndGlobal
